
Microsoft Visual Studio Solution File, Format Version 12.00
# Visual Studio Version 17
VisualStudioVersion = 17.1.32210.238
MinimumVisualStudioVersion = 10.0.40219.1
Project("{FAE04EC0-301F-11D3-BF4B-00C04F79EFBC}") = "ServisiranjeVozila", "ServisiranjeVozila\ServisiranjeVozila.csproj", "{89662C6F-1D12-410D-95E0-6B410E13BB62}"
EndProject
Global
	GlobalSection(SolutionConfigurationPlatforms) = preSolution
		Debug|Any CPU = Debug|Any CPU
		Release|Any CPU = Release|Any CPU
	EndGlobalSection
	GlobalSection(ProjectConfigurationPlatforms) = postSolution
		{89662C6F-1D12-410D-95E0-6B410E13BB62}.Debug|Any CPU.ActiveCfg = Debug|Any CPU
		{89662C6F-1D12-410D-95E0-6B410E13BB62}.Debug|Any CPU.Build.0 = Debug|Any CPU
		{89662C6F-1D12-410D-95E0-6B410E13BB62}.Release|Any CPU.ActiveCfg = Release|Any CPU
		{89662C6F-1D12-410D-95E0-6B410E13BB62}.Release|Any CPU.Build.0 = Release|Any CPU
	EndGlobalSection
	GlobalSection(SolutionProperties) = preSolution
		HideSolutionNode = FALSE
	EndGlobalSection
	GlobalSection(ExtensibilityGlobals) = postSolution
		SolutionGuid = {0000CF98-9239-4264-A312-E5AB2CE884DE}
	EndGlobalSection
EndGlobal
